
Microsoft Visual Studio Solution File, Format Version 12.00
# Visual Studio Version 16
VisualStudioVersion = 16.0.29709.97
MinimumVisualStudioVersion = 10.0.40219.1
Project("{FAE04EC0-301F-11D3-BF4B-00C04F79EFBC}") = "ConsoleApp1", "ConsoleApp1\ConsoleApp1.csproj", "{FB4C29D7-3FA1-4430-A632-B5B12C7D9EA1}"
EndProject
Global
	GlobalSection(SolutionConfigurationPlatforms) = preSolution
		Debug|Any CPU = Debug|Any CPU
		Release|Any CPU = Release|Any CPU
	EndGlobalSection
	GlobalSection(ProjectConfigurationPlatforms) = postSolution
		{FB4C29D7-3FA1-4430-A632-B5B12C7D9EA1}.Debug|Any CPU.ActiveCfg = Debug|Any CPU
		{FB4C29D7-3FA1-4430-A632-B5B12C7D9EA1}.Debug|Any CPU.Build.0 = Debug|Any CPU
		{FB4C29D7-3FA1-4430-A632-B5B12C7D9EA1}.Release|Any CPU.ActiveCfg = Release|Any CPU
		{FB4C29D7-3FA1-4430-A632-B5B12C7D9EA1}.Release|Any CPU.Build.0 = Release|Any CPU
	EndGlobalSection
	GlobalSection(SolutionProperties) = preSolution
		HideSolutionNode = FALSE
	EndGlobalSection
	GlobalSection(ExtensibilityGlobals) = postSolution
		SolutionGuid = {F88E6223-4A42-4511-A33E-9657FEB4F3DD}
	EndGlobalSection
EndGlobal
